
Microsoft Visual Studio Solution File, Format Version 12.00
# Visual Studio Version 17
VisualStudioVersion = 17.1.32421.90
MinimumVisualStudioVersion = 10.0.40219.1
Project("{FAE04EC0-301F-11D3-BF4B-00C04F79EFBC}") = "PM2TAREA11.Android", "PM2TAREA11.Android\PM2TAREA11.Android.csproj", "{0B598DA8-0F78-4E2A-B85E-0A4D8F54F7A8}"
EndProject
Project("{FAE04EC0-301F-11D3-BF4B-00C04F79EFBC}") = "PM2TAREA11", "PM2TAREA11\PM2TAREA11.csproj", "{F9227143-8193-408D-A761-CA59EA7A05AF}"
EndProject
Global
	GlobalSection(SolutionConfigurationPlatforms) = preSolution
		Debug|Any CPU = Debug|Any CPU
		Release|Any CPU = Release|Any CPU
	EndGlobalSection
	GlobalSection(ProjectConfigurationPlatforms) = postSolution
		{0B598DA8-0F78-4E2A-B85E-0A4D8F54F7A8}.Debug|Any CPU.ActiveCfg = Debug|Any CPU
		{0B598DA8-0F78-4E2A-B85E-0A4D8F54F7A8}.Debug|Any CPU.Build.0 = Debug|Any CPU
		{0B598DA8-0F78-4E2A-B85E-0A4D8F54F7A8}.Debug|Any CPU.Deploy.0 = Debug|Any CPU
		{0B598DA8-0F78-4E2A-B85E-0A4D8F54F7A8}.Release|Any CPU.ActiveCfg = Release|Any CPU
		{0B598DA8-0F78-4E2A-B85E-0A4D8F54F7A8}.Release|Any CPU.Build.0 = Release|Any CPU
		{0B598DA8-0F78-4E2A-B85E-0A4D8F54F7A8}.Release|Any CPU.Deploy.0 = Release|Any CPU
		{F9227143-8193-408D-A761-CA59EA7A05AF}.Debug|Any CPU.ActiveCfg = Debug|Any CPU
		{F9227143-8193-408D-A761-CA59EA7A05AF}.Debug|Any CPU.Build.0 = Debug|Any CPU
		{F9227143-8193-408D-A761-CA59EA7A05AF}.Debug|Any CPU.Deploy.0 = Debug|Any CPU
		{F9227143-8193-408D-A761-CA59EA7A05AF}.Release|Any CPU.ActiveCfg = Release|Any CPU
		{F9227143-8193-408D-A761-CA59EA7A05AF}.Release|Any CPU.Build.0 = Release|Any CPU
		{F9227143-8193-408D-A761-CA59EA7A05AF}.Release|Any CPU.Deploy.0 = Release|Any CPU
	EndGlobalSection
	GlobalSection(SolutionProperties) = preSolution
		HideSolutionNode = FALSE
	EndGlobalSection
	GlobalSection(ExtensibilityGlobals) = postSolution
		SolutionGuid = {597B5129-4248-4E61-94FC-79CBB75CB5B4}
	EndGlobalSection
EndGlobal
